
Microsoft Visual Studio Solution File, Format Version 12.00
# Visual Studio Version 16
VisualStudioVersion = 16.0.29102.190
MinimumVisualStudioVersion = 10.0.40219.1
Project("{FAE04EC0-301F-11D3-BF4B-00C04F79EFBC}") = "CreateObjectTest", "CreateObjectTest\CreateObjectTest.csproj", "{A2203178-BB06-4F4D-8193-ED2919F49DA1}"
EndProject
Global
	GlobalSection(SolutionConfigurationPlatforms) = preSolution
		Debug|Any CPU = Debug|Any CPU
		Release|Any CPU = Release|Any CPU
	EndGlobalSection
	GlobalSection(ProjectConfigurationPlatforms) = postSolution
		{A2203178-BB06-4F4D-8193-ED2919F49DA1}.Debug|Any CPU.ActiveCfg = Debug|Any CPU
		{A2203178-BB06-4F4D-8193-ED2919F49DA1}.Debug|Any CPU.Build.0 = Debug|Any CPU
		{A2203178-BB06-4F4D-8193-ED2919F49DA1}.Release|Any CPU.ActiveCfg = Release|Any CPU
		{A2203178-BB06-4F4D-8193-ED2919F49DA1}.Release|Any CPU.Build.0 = Release|Any CPU
	EndGlobalSection
	GlobalSection(SolutionProperties) = preSolution
		HideSolutionNode = FALSE
	EndGlobalSection
	GlobalSection(ExtensibilityGlobals) = postSolution
		SolutionGuid = {E188F440-7C6B-4826-A131-1BB9B98505BB}
	EndGlobalSection
EndGlobal
